
Microsoft Visual Studio Solution File, Format Version 12.00
# Visual Studio 2012
Project("{F184B08F-C81C-45F6-A57F-5ABD9991F28F}") = "AI_Assgmt", "AI_Assgmt\AI_Assgmt.vbproj", "{C226A804-2002-4028-9F89-8CC5540335A0}"
EndProject
Global
	GlobalSection(SolutionConfigurationPlatforms) = preSolution
		Debug|Any CPU = Debug|Any CPU
		Release|Any CPU = Release|Any CPU
	EndGlobalSection
	GlobalSection(ProjectConfigurationPlatforms) = postSolution
		{C226A804-2002-4028-9F89-8CC5540335A0}.Debug|Any CPU.ActiveCfg = Debug|Any CPU
		{C226A804-2002-4028-9F89-8CC5540335A0}.Debug|Any CPU.Build.0 = Debug|Any CPU
		{C226A804-2002-4028-9F89-8CC5540335A0}.Release|Any CPU.ActiveCfg = Release|Any CPU
		{C226A804-2002-4028-9F89-8CC5540335A0}.Release|Any CPU.Build.0 = Release|Any CPU
	EndGlobalSection
	GlobalSection(SolutionProperties) = preSolution
		HideSolutionNode = FALSE
	EndGlobalSection
EndGlobal
